
Microsoft Visual Studio Solution File, Format Version 12.00
# Visual Studio Version 16
VisualStudioVersion = 16.0.31624.102
MinimumVisualStudioVersion = 10.0.40219.1
Project("{FAE04EC0-301F-11D3-BF4B-00C04F79EFBC}") = "OWEdgyC", "OWEdgyC\OWEdgyC.csproj", "{33684CA7-DDD0-495E-A1CF-7550490ADA26}"
EndProject
Global
	GlobalSection(SolutionConfigurationPlatforms) = preSolution
		Debug|Any CPU = Debug|Any CPU
		Release|Any CPU = Release|Any CPU
	EndGlobalSection
	GlobalSection(ProjectConfigurationPlatforms) = postSolution
		{33684CA7-DDD0-495E-A1CF-7550490ADA26}.Debug|Any CPU.ActiveCfg = Debug|Any CPU
		{33684CA7-DDD0-495E-A1CF-7550490ADA26}.Debug|Any CPU.Build.0 = Debug|Any CPU
		{33684CA7-DDD0-495E-A1CF-7550490ADA26}.Release|Any CPU.ActiveCfg = Release|Any CPU
		{33684CA7-DDD0-495E-A1CF-7550490ADA26}.Release|Any CPU.Build.0 = Release|Any CPU
	EndGlobalSection
	GlobalSection(SolutionProperties) = preSolution
		HideSolutionNode = FALSE
	EndGlobalSection
	GlobalSection(ExtensibilityGlobals) = postSolution
		SolutionGuid = {79E0EE36-1A8C-482B-BFB7-320DCCDB2ACD}
	EndGlobalSection
EndGlobal
